// !$*UTF8*$!
{
	archiveVersion = 1;
	classes = {
	};
	objectVersion = 55;
	objects = {

/* Begin PBXBuildFile section */
		8502E60D28D32C2400C44C2F /* HistoryCollectionCell.swift in Sources */ = {isa = PBXBuildFile; fileRef = 8502E60B28D32C2400C44C2F /* HistoryCollectionCell.swift */; };
		8502E60E28D32C2400C44C2F /* HistoryCollectionCell.xib in Resources */ = {isa = PBXBuildFile; fileRef = 8502E60C28D32C2400C44C2F /* HistoryCollectionCell.xib */; };
		8528961428D30AAC00247665 /* TabbarController.swift in Sources */ = {isa = PBXBuildFile; fileRef = 8528961328D30AAC00247665 /* TabbarController.swift */; };
		8528961928D30B0500247665 /* LoginController.swift in Sources */ = {isa = PBXBuildFile; fileRef = 8528961728D30B0500247665 /* LoginController.swift */; };
		8528961A28D30B0500247665 /* LoginController.xib in Resources */ = {isa = PBXBuildFile; fileRef = 8528961828D30B0500247665 /* LoginController.xib */; };
		8528961F28D3254400247665 /* LeaveCollectionCell.swift in Sources */ = {isa = PBXBuildFile; fileRef = 8528961D28D3254400247665 /* LeaveCollectionCell.swift */; };
		8528962028D3254400247665 /* LeaveCollectionCell.xib in Resources */ = {isa = PBXBuildFile; fileRef = 8528961E28D3254400247665 /* LeaveCollectionCell.xib */; };
		8528962228D3263B00247665 /* CheckButton.swift in Sources */ = {isa = PBXBuildFile; fileRef = 8528962128D3263B00247665 /* CheckButton.swift */; };
		853A6BC528CED0B600717E2D /* AppDelegate.swift in Sources */ = {isa = PBXBuildFile; fileRef = 853A6BC428CED0B600717E2D /* AppDelegate.swift */; };
		853A6BC728CED0B600717E2D /* SceneDelegate.swift in Sources */ = {isa = PBXBuildFile; fileRef = 853A6BC628CED0B600717E2D /* SceneDelegate.swift */; };
		853A6BC928CED0B600717E2D /* ViewController.swift in Sources */ = {isa = PBXBuildFile; fileRef = 853A6BC828CED0B600717E2D /* ViewController.swift */; };
		853A6BCC28CED0B600717E2D /* Main.storyboard in Resources */ = {isa = PBXBuildFile; fileRef = 853A6BCA28CED0B600717E2D /* Main.storyboard */; };
		853A6BCE28CED0B600717E2D /* Assets.xcassets in Resources */ = {isa = PBXBuildFile; fileRef = 853A6BCD28CED0B600717E2D /* Assets.xcassets */; };
		853A6BD128CED0B600717E2D /* LaunchScreen.storyboard in Resources */ = {isa = PBXBuildFile; fileRef = 853A6BCF28CED0B600717E2D /* LaunchScreen.storyboard */; };
		853A6BDC28CED0B600717E2D /* E_LeaveTests.swift in Sources */ = {isa = PBXBuildFile; fileRef = 853A6BDB28CED0B600717E2D /* E_LeaveTests.swift */; };
		853A6BE628CED0B600717E2D /* E_LeaveUITests.swift in Sources */ = {isa = PBXBuildFile; fileRef = 853A6BE528CED0B600717E2D /* E_LeaveUITests.swift */; };
		853A6BE828CED0B600717E2D /* E_LeaveUITestsLaunchTests.swift in Sources */ = {isa = PBXBuildFile; fileRef = 853A6BE728CED0B600717E2D /* E_LeaveUITestsLaunchTests.swift */; };
		853A6BF528CED2C700717E2D /* SecondViewController.swift in Sources */ = {isa = PBXBuildFile; fileRef = 853A6BF428CED2C700717E2D /* SecondViewController.swift */; };
		853A6BF928CED5F600717E2D /* ThirdViewController.swift in Sources */ = {isa = PBXBuildFile; fileRef = 853A6BF828CED5F600717E2D /* ThirdViewController.swift */; };
		853A6BFB28CED5FF00717E2D /* FourthViewController.swift in Sources */ = {isa = PBXBuildFile; fileRef = 853A6BFA28CED5FF00717E2D /* FourthViewController.swift */; };
/* End PBXBuildFile section */

/* Begin PBXContainerItemProxy section */
		853A6BD828CED0B600717E2D /* PBXContainerItemProxy */ = {
			isa = PBXContainerItemProxy;
			containerPortal = 853A6BB928CED0B600717E2D /* Project object */;
			proxyType = 1;
			remoteGlobalIDString = 853A6BC028CED0B600717E2D;
			remoteInfo = "E-Leave";
		};
		853A6BE228CED0B600717E2D /* PBXContainerItemProxy */ = {
			isa = PBXContainerItemProxy;
			containerPortal = 853A6BB928CED0B600717E2D /* Project object */;
			proxyType = 1;
			remoteGlobalIDString = 853A6BC028CED0B600717E2D;
			remoteInfo = "E-Leave";
		};
/* End PBXContainerItemProxy section */

/* Begin PBXFileReference section */
		8502E60B28D32C2400C44C2F /* HistoryCollectionCell.swift */ = {isa = PBXFileReference; lastKnownFileType = sourcecode.swift; path = HistoryCollectionCell.swift; sourceTree = "<group>"; };
		8502E60C28D32C2400C44C2F /* HistoryCollectionCell.xib */ = {isa = PBXFileReference; lastKnownFileType = file.xib; path = HistoryCollectionCell.xib; sourceTree = "<group>"; };
		8528961328D30AAC00247665 /* TabbarController.swift */ = {isa = PBXFileReference; lastKnownFileType = sourcecode.swift; path = TabbarController.swift; sourceTree = "<group>"; };
		8528961728D30B0500247665 /* LoginController.swift */ = {isa = PBXFileReference; lastKnownFileType = sourcecode.swift; path = LoginController.swift; sourceTree = "<group>"; };
		8528961828D30B0500247665 /* LoginController.xib */ = {isa = PBXFileReference; lastKnownFileType = file.xib; path = LoginController.xib; sourceTree = "<group>"; };
		8528961D28D3254400247665 /* LeaveCollectionCell.swift */ = {isa = PBXFileReference; lastKnownFileType = sourcecode.swift; path = LeaveCollectionCell.swift; sourceTree = "<group>"; };
		8528961E28D3254400247665 /* LeaveCollectionCell.xib */ = {isa = PBXFileReference; lastKnownFileType = file.xib; path = LeaveCollectionCell.xib; sourceTree = "<group>"; };
		8528962128D3263B00247665 /* CheckButton.swift */ = {isa = PBXFileReference; lastKnownFileType = sourcecode.swift; path = CheckButton.swift; sourceTree = "<group>"; };
		853A6BC128CED0B600717E2D /* E-Leave.app */ = {isa = PBXFileReference; explicitFileType = wrapper.application; includeInIndex = 0; path = "E-Leave.app"; sourceTree = BUILT_PRODUCTS_DIR; };
		853A6BC428CED0B600717E2D /* AppDelegate.swift */ = {isa = PBXFileReference; lastKnownFileType = sourcecode.swift; path = AppDelegate.swift; sourceTree = "<group>"; };
		853A6BC628CED0B600717E2D /* SceneDelegate.swift */ = {isa = PBXFileReference; lastKnownFileType = sourcecode.swift; path = SceneDelegate.swift; sourceTree = "<group>"; };
		853A6BC828CED0B600717E2D /* ViewController.swift */ = {isa = PBXFileReference; lastKnownFileType = sourcecode.swift; path = ViewController.swift; sourceTree = "<group>"; };
		853A6BCB28CED0B600717E2D /* Base */ = {isa = PBXFileReference; lastKnownFileType = file.storyboard; name = Base; path = Base.lproj/Main.storyboard; sourceTree = "<group>"; };
		853A6BCD28CED0B600717E2D /* Assets.xcassets */ = {isa = PBXFileReference; lastKnownFileType = folder.assetcatalog; path = Assets.xcassets; sourceTree = "<group>"; };
		853A6BD028CED0B600717E2D /* Base */ = {isa = PBXFileReference; lastKnownFileType = file.storyboard; name = Base; path = Base.lproj/LaunchScreen.storyboard; sourceTree = "<group>"; };
		853A6BD228CED0B600717E2D /* Info.plist */ = {isa = PBXFileReference; lastKnownFileType = text.plist.xml; path = Info.plist; sourceTree = "<group>"; };
		853A6BD728CED0B600717E2D /* E-LeaveTests.xctest */ = {isa = PBXFileReference; explicitFileType = wrapper.cfbundle; includeInIndex = 0; path = "E-LeaveTests.xctest"; sourceTree = BUILT_PRODUCTS_DIR; };
		853A6BDB28CED0B600717E2D /* E_LeaveTests.swift */ = {isa = PBXFileReference; lastKnownFileType = sourcecode.swift; path = E_LeaveTests.swift; sourceTree = "<group>"; };
		853A6BE128CED0B600717E2D /* E-LeaveUITests.xctest */ = {isa = PBXFileReference; explicitFileType = wrapper.cfbundle; includeInIndex = 0; path = "E-LeaveUITests.xctest"; sourceTree = BUILT_PRODUCTS_DIR; };
		853A6BE528CED0B600717E2D /* E_LeaveUITests.swift */ = {isa = PBXFileReference; lastKnownFileType = sourcecode.swift; path = E_LeaveUITests.swift; sourceTree = "<group>"; };
		853A6BE728CED0B600717E2D /* E_LeaveUITestsLaunchTests.swift */ = {isa = PBXFileReference; lastKnownFileType = sourcecode.swift; path = E_LeaveUITestsLaunchTests.swift; sourceTree = "<group>"; };
		853A6BF428CED2C700717E2D /* SecondViewController.swift */ = {isa = PBXFileReference; lastKnownFileType = sourcecode.swift; path = SecondViewController.swift; sourceTree = "<group>"; };
		853A6BF828CED5F600717E2D /* ThirdViewController.swift */ = {isa = PBXFileReference; lastKnownFileType = sourcecode.swift; path = ThirdViewController.swift; sourceTree = "<group>"; };
		853A6BFA28CED5FF00717E2D /* FourthViewController.swift */ = {isa = PBXFileReference; lastKnownFileType = sourcecode.swift; path = FourthViewController.swift; sourceTree = "<group>"; };
/* End PBXFileReference section */

/* Begin PBXFrameworksBuildPhase section */
		853A6BBE28CED0B600717E2D /* Frameworks */ = {
			isa = PBXFrameworksBuildPhase;
			buildActionMask = 2147483647;
			files = (
			);
			runOnlyForDeploymentPostprocessing = 0;
		};
		853A6BD428CED0B600717E2D /* Frameworks */ = {
			isa = PBXFrameworksBuildPhase;
			buildActionMask = 2147483647;
			files = (
			);
			runOnlyForDeploymentPostprocessing = 0;
		};
		853A6BDE28CED0B600717E2D /* Frameworks */ = {
			isa = PBXFrameworksBuildPhase;
			buildActionMask = 2147483647;
			files = (
			);
			runOnlyForDeploymentPostprocessing = 0;
		};
/* End PBXFrameworksBuildPhase section */

/* Begin PBXGroup section */
		8502E60928D32BEB00C44C2F /* Controller */ = {
			isa = PBXGroup;
			children = (
				853A6BF428CED2C700717E2D /* SecondViewController.swift */,
			);
			path = Controller;
			sourceTree = "<group>";
		};
		8502E60A28D32BF200C44C2F /* UICollectionViewCell */ = {
			isa = PBXGroup;
			children = (
				8502E60B28D32C2400C44C2F /* HistoryCollectionCell.swift */,
				8502E60C28D32C2400C44C2F /* HistoryCollectionCell.xib */,
			);
			path = UICollectionViewCell;
			sourceTree = "<group>";
		};
		8528960D28D30A5000247665 /* History */ = {
			isa = PBXGroup;
			children = (
				8502E60A28D32BF200C44C2F /* UICollectionViewCell */,
				8502E60928D32BEB00C44C2F /* Controller */,
			);
			path = History;
			sourceTree = "<group>";
		};
		8528960E28D30A5500247665 /* Approval */ = {
			isa = PBXGroup;
			children = (
			);
			path = Approval;
			sourceTree = "<group>";
		};
		8528960F28D30A6200247665 /* TabBar */ = {
			isa = PBXGroup;
			children = (
				8528961028D30A8B00247665 /* Controller */,
			);
			path = TabBar;
			sourceTree = "<group>";
		};
		8528961028D30A8B00247665 /* Controller */ = {
			isa = PBXGroup;
			children = (
				8528961328D30AAC00247665 /* TabbarController.swift */,
			);
			path = Controller;
			sourceTree = "<group>";
		};
		8528961528D30AEF00247665 /* Login */ = {
			isa = PBXGroup;
			children = (
				8528961628D30AF300247665 /* Controller */,
			);
			path = Login;
			sourceTree = "<group>";
		};
		8528961628D30AF300247665 /* Controller */ = {
			isa = PBXGroup;
			children = (
				8528961728D30B0500247665 /* LoginController.swift */,
				8528961828D30B0500247665 /* LoginController.xib */,
			);
			path = Controller;
			sourceTree = "<group>";
		};
		8528961B28D3251A00247665 /* UICollectionViewCell */ = {
			isa = PBXGroup;
			children = (
				8528961D28D3254400247665 /* LeaveCollectionCell.swift */,
				8528961E28D3254400247665 /* LeaveCollectionCell.xib */,
			);
			path = UICollectionViewCell;
			sourceTree = "<group>";
		};
		853A6BB828CED0B600717E2D = {
			isa = PBXGroup;
			children = (
				853A6BC328CED0B600717E2D /* E-Leave */,
				853A6BDA28CED0B600717E2D /* E-LeaveTests */,
				853A6BE428CED0B600717E2D /* E-LeaveUITests */,
				853A6BC228CED0B600717E2D /* Products */,
			);
			sourceTree = "<group>";
		};
		853A6BC228CED0B600717E2D /* Products */ = {
			isa = PBXGroup;
			children = (
				853A6BC128CED0B600717E2D /* E-Leave.app */,
				853A6BD728CED0B600717E2D /* E-LeaveTests.xctest */,
				853A6BE128CED0B600717E2D /* E-LeaveUITests.xctest */,
			);
			name = Products;
			sourceTree = "<group>";
		};
		853A6BC328CED0B600717E2D /* E-Leave */ = {
			isa = PBXGroup;
			children = (
				8528961528D30AEF00247665 /* Login */,
				8528960F28D30A6200247665 /* TabBar */,
				8528960E28D30A5500247665 /* Approval */,
				8528960D28D30A5000247665 /* History */,
				853A6BF628CED5E200717E2D /* Home */,
				853A6BC428CED0B600717E2D /* AppDelegate.swift */,
				853A6BC628CED0B600717E2D /* SceneDelegate.swift */,
				853A6BF828CED5F600717E2D /* ThirdViewController.swift */,
				853A6BFA28CED5FF00717E2D /* FourthViewController.swift */,
				853A6BCA28CED0B600717E2D /* Main.storyboard */,
				853A6BCD28CED0B600717E2D /* Assets.xcassets */,
				853A6BCF28CED0B600717E2D /* LaunchScreen.storyboard */,
				853A6BD228CED0B600717E2D /* Info.plist */,
				8528962128D3263B00247665 /* CheckButton.swift */,
			);
			path = "E-Leave";
			sourceTree = "<group>";
		};
		853A6BDA28CED0B600717E2D /* E-LeaveTests */ = {
			isa = PBXGroup;
			children = (
				853A6BDB28CED0B600717E2D /* E_LeaveTests.swift */,
			);
			path = "E-LeaveTests";
			sourceTree = "<group>";
		};
		853A6BE428CED0B600717E2D /* E-LeaveUITests */ = {
			isa = PBXGroup;
			children = (
				853A6BE528CED0B600717E2D /* E_LeaveUITests.swift */,
				853A6BE728CED0B600717E2D /* E_LeaveUITestsLaunchTests.swift */,
			);
			path = "E-LeaveUITests";
			sourceTree = "<group>";
		};
		853A6BF628CED5E200717E2D /* Home */ = {
			isa = PBXGroup;
			children = (
				8528961B28D3251A00247665 /* UICollectionViewCell */,
				853A6BF728CED5E700717E2D /* Controller */,
			);
			path = Home;
			sourceTree = "<group>";
		};
		853A6BF728CED5E700717E2D /* Controller */ = {
			isa = PBXGroup;
			children = (
				853A6BC828CED0B600717E2D /* ViewController.swift */,
			);
			path = Controller;
			sourceTree = "<group>";
		};
/* End PBXGroup section */

/* Begin PBXNativeTarget section */
		853A6BC028CED0B600717E2D /* E-Leave */ = {
			isa = PBXNativeTarget;
			buildConfigurationList = 853A6BEB28CED0B600717E2D /* Build configuration list for PBXNativeTarget "E-Leave" */;
			buildPhases = (
				853A6BBD28CED0B600717E2D /* Sources */,
				853A6BBE28CED0B600717E2D /* Frameworks */,
				853A6BBF28CED0B600717E2D /* Resources */,
			);
			buildRules = (
			);
			dependencies = (
			);
			name = "E-Leave";
			productName = "E-Leave";
			productReference = 853A6BC128CED0B600717E2D /* E-Leave.app */;
			productType = "com.apple.product-type.application";
		};
		853A6BD628CED0B600717E2D /* E-LeaveTests */ = {
			isa = PBXNativeTarget;
			buildConfigurationList = 853A6BEE28CED0B600717E2D /* Build configuration list for PBXNativeTarget "E-LeaveTests" */;
			buildPhases = (
				853A6BD328CED0B600717E2D /* Sources */,
				853A6BD428CED0B600717E2D /* Frameworks */,
				853A6BD528CED0B600717E2D /* Resources */,
			);
			buildRules = (
			);
			dependencies = (
				853A6BD928CED0B600717E2D /* PBXTargetDependency */,
			);
			name = "E-LeaveTests";
			productName = "E-LeaveTests";
			productReference = 853A6BD728CED0B600717E2D /* E-LeaveTests.xctest */;
			productType = "com.apple.product-type.bundle.unit-test";
		};
		853A6BE028CED0B600717E2D /* E-LeaveUITests */ = {
			isa = PBXNativeTarget;
			buildConfigurationList = 853A6BF128CED0B600717E2D /* Build configuration list for PBXNativeTarget "E-LeaveUITests" */;
			buildPhases = (
				853A6BDD28CED0B600717E2D /* Sources */,
				853A6BDE28CED0B600717E2D /* Frameworks */,
				853A6BDF28CED0B600717E2D /* Resources */,
			);
			buildRules = (
			);
			dependencies = (
				853A6BE328CED0B600717E2D /* PBXTargetDependency */,
			);
			name = "E-LeaveUITests";
			productName = "E-LeaveUITests";
			productReference = 853A6BE128CED0B600717E2D /* E-LeaveUITests.xctest */;
			productType = "com.apple.product-type.bundle.ui-testing";
		};
/* End PBXNativeTarget section */

/* Begin PBXProject section */
		853A6BB928CED0B600717E2D /* Project object */ = {
			isa = PBXProject;
			attributes = {
				BuildIndependentTargetsInParallel = 1;
				LastSwiftUpdateCheck = 1340;
				LastUpgradeCheck = 1340;
				TargetAttributes = {
					853A6BC028CED0B600717E2D = {
						CreatedOnToolsVersion = 13.4.1;
					};
					853A6BD628CED0B600717E2D = {
						CreatedOnToolsVersion = 13.4.1;
						TestTargetID = 853A6BC028CED0B600717E2D;
					};
					853A6BE028CED0B600717E2D = {
						CreatedOnToolsVersion = 13.4.1;
						TestTargetID = 853A6BC028CED0B600717E2D;
					};
				};
			};
			buildConfigurationList = 853A6BBC28CED0B600717E2D /* Build configuration list for PBXProject "E-Leave" */;
			compatibilityVersion = "Xcode 13.0";
			developmentRegion = en;
			hasScannedForEncodings = 0;
			knownRegions = (
				en,
				Base,
			);
			mainGroup = 853A6BB828CED0B600717E2D;
			productRefGroup = 853A6BC228CED0B600717E2D /* Products */;
			projectDirPath = "";
			projectRoot = "";
			targets = (
				853A6BC028CED0B600717E2D /* E-Leave */,
				853A6BD628CED0B600717E2D /* E-LeaveTests */,
				853A6BE028CED0B600717E2D /* E-LeaveUITests */,
			);
		};
/* End PBXProject section */

/* Begin PBXResourcesBuildPhase section */
		853A6BBF28CED0B600717E2D /* Resources */ = {
			isa = PBXResourcesBuildPhase;
			buildActionMask = 2147483647;
			files = (
				853A6BD128CED0B600717E2D /* LaunchScreen.storyboard in Resources */,
				8528962028D3254400247665 /* LeaveCollectionCell.xib in Resources */,
				8528961A28D30B0500247665 /* LoginController.xib in Resources */,
				853A6BCE28CED0B600717E2D /* Assets.xcassets in Resources */,
				8502E60E28D32C2400C44C2F /* HistoryCollectionCell.xib in Resources */,
				853A6BCC28CED0B600717E2D /* Main.storyboard in Resources */,
			);
			runOnlyForDeploymentPostprocessing = 0;
		};
		853A6BD528CED0B600717E2D /* Resources */ = {
			isa = PBXResourcesBuildPhase;
			buildActionMask = 2147483647;
			files = (
			);
			runOnlyForDeploymentPostprocessing = 0;
		};
		853A6BDF28CED0B600717E2D /* Resources */ = {
			isa = PBXResourcesBuildPhase;
			buildActionMask = 2147483647;
			files = (
			);
			runOnlyForDeploymentPostprocessing = 0;
		};
/* End PBXResourcesBuildPhase section */

/* Begin PBXSourcesBuildPhase section */
		853A6BBD28CED0B600717E2D /* Sources */ = {
			isa = PBXSourcesBuildPhase;
			buildActionMask = 2147483647;
			files = (
				853A6BFB28CED5FF00717E2D /* FourthViewController.swift in Sources */,
				853A6BF528CED2C700717E2D /* SecondViewController.swift in Sources */,
				853A6BC928CED0B600717E2D /* ViewController.swift in Sources */,
				8528961F28D3254400247665 /* LeaveCollectionCell.swift in Sources */,
				853A6BF928CED5F600717E2D /* ThirdViewController.swift in Sources */,
				853A6BC528CED0B600717E2D /* AppDelegate.swift in Sources */,
				8528961928D30B0500247665 /* LoginController.swift in Sources */,
				853A6BC728CED0B600717E2D /* SceneDelegate.swift in Sources */,
				8528962228D3263B00247665 /* CheckButton.swift in Sources */,
				8502E60D28D32C2400C44C2F /* HistoryCollectionCell.swift in Sources */,
				8528961428D30AAC00247665 /* TabbarController.swift in Sources */,
			);
			runOnlyForDeploymentPostprocessing = 0;
		};
		853A6BD328CED0B600717E2D /* Sources */ = {
			isa = PBXSourcesBuildPhase;
			buildActionMask = 2147483647;
			files = (
				853A6BDC28CED0B600717E2D /* E_LeaveTests.swift in Sources */,
			);
			runOnlyForDeploymentPostprocessing = 0;
		};
		853A6BDD28CED0B600717E2D /* Sources */ = {
			isa = PBXSourcesBuildPhase;
			buildActionMask = 2147483647;
			files = (
				853A6BE828CED0B600717E2D /* E_LeaveUITestsLaunchTests.swift in Sources */,
				853A6BE628CED0B600717E2D /* E_LeaveUITests.swift in Sources */,
			);
			runOnlyForDeploymentPostprocessing = 0;
		};
/* End PBXSourcesBuildPhase section */

/* Begin PBXTargetDependency section */
		853A6BD928CED0B600717E2D /* PBXTargetDependency */ = {
			isa = PBXTargetDependency;
			target = 853A6BC028CED0B600717E2D /* E-Leave */;
			targetProxy = 853A6BD828CED0B600717E2D /* PBXContainerItemProxy */;
		};
		853A6BE328CED0B600717E2D /* PBXTargetDependency */ = {
			isa = PBXTargetDependency;
			target = 853A6BC028CED0B600717E2D /* E-Leave */;
			targetProxy = 853A6BE228CED0B600717E2D /* PBXContainerItemProxy */;
		};
/* End PBXTargetDependency section */

/* Begin PBXVariantGroup section */
		853A6BCA28CED0B600717E2D /* Main.storyboard */ = {
			isa = PBXVariantGroup;
			children = (
				853A6BCB28CED0B600717E2D /* Base */,
			);
			name = Main.storyboard;
			sourceTree = "<group>";
		};
		853A6BCF28CED0B600717E2D /* LaunchScreen.storyboard */ = {
			isa = PBXVariantGroup;
			children = (
				853A6BD028CED0B600717E2D /* Base */,
			);
			name = LaunchScreen.storyboard;
			sourceTree = "<group>";
		};
/* End PBXVariantGroup section */

/* Begin XCBuildConfiguration section */
		853A6BE928CED0B600717E2D /* Debug */ = {
			isa = XCBuildConfiguration;
			buildSettings = {
				ALWAYS_SEARCH_USER_PATHS = NO;
				CLANG_ANALYZER_NONNULL = YES;
				CLANG_ANALYZER_NUMBER_OBJECT_CONVERSION = YES_AGGRESSIVE;
				CLANG_CXX_LANGUAGE_STANDARD = "gnu++17";
				CLANG_ENABLE_MODULES = YES;
				CLANG_ENABLE_OBJC_ARC = YES;
				CLANG_ENABLE_OBJC_WEAK = YES;
				CLANG_WARN_BLOCK_CAPTURE_AUTORELEASING = YES;
				CLANG_WARN_BOOL_CONVERSION = YES;
				CLANG_WARN_COMMA = YES;
				CLANG_WARN_CONSTANT_CONVERSION = YES;
				CLANG_WARN_DEPRECATED_OBJC_IMPLEMENTATIONS = YES;
				CLANG_WARN_DIRECT_OBJC_ISA_USAGE = YES_ERROR;
				CLANG_WARN_DOCUMENTATION_COMMENTS = YES;
				CLANG_WARN_EMPTY_BODY = YES;
				CLANG_WARN_ENUM_CONVERSION = YES;
				CLANG_WARN_INFINITE_RECURSION = YES;
				CLANG_WARN_INT_CONVERSION = YES;
				CLANG_WARN_NON_LITERAL_NULL_CONVERSION = YES;
				CLANG_WARN_OBJC_IMPLICIT_RETAIN_SELF = YES;
				CLANG_WARN_OBJC_LITERAL_CONVERSION = YES;
				CLANG_WARN_OBJC_ROOT_CLASS = YES_ERROR;
				CLANG_WARN_QUOTED_INCLUDE_IN_FRAMEWORK_HEADER = YES;
				CLANG_WARN_RANGE_LOOP_ANALYSIS = YES;
				CLANG_WARN_STRICT_PROTOTYPES = YES;
				CLANG_WARN_SUSPICIOUS_MOVE = YES;
				CLANG_WARN_UNGUARDED_AVAILABILITY = YES_AGGRESSIVE;
				CLANG_WARN_UNREACHABLE_CODE = YES;
				CLANG_WARN__DUPLICATE_METHOD_MATCH = YES;
				COPY_PHASE_STRIP = NO;
				DEBUG_INFORMATION_FORMAT = dwarf;
				ENABLE_STRICT_OBJC_MSGSEND = YES;
				ENABLE_TESTABILITY = YES;
				GCC_C_LANGUAGE_STANDARD = gnu11;
				GCC_DYNAMIC_NO_PIC = NO;
				GCC_NO_COMMON_BLOCKS = YES;
				GCC_OPTIMIZATION_LEVEL = 0;
				GCC_PREPROCESSOR_DEFINITIONS = (
					"DEBUG=1",
					"$(inherited)",
				);
				GCC_WARN_64_TO_32_BIT_CONVERSION = YES;
				GCC_WARN_ABOUT_RETURN_TYPE = YES_ERROR;
				GCC_WARN_UNDECLARED_SELECTOR = YES;
				GCC_WARN_UNINITIALIZED_AUTOS = YES_AGGRESSIVE;
				GCC_WARN_UNUSED_FUNCTION = YES;
				GCC_WARN_UNUSED_VARIABLE = YES;
				IPHONEOS_DEPLOYMENT_TARGET = 15.5;
				MTL_ENABLE_DEBUG_INFO = INCLUDE_SOURCE;
				MTL_FAST_MATH = YES;
				ONLY_ACTIVE_ARCH = YES;
				SDKROOT = iphoneos;
				SWIFT_ACTIVE_COMPILATION_CONDITIONS = DEBUG;
				SWIFT_OPTIMIZATION_LEVEL = "-Onone";
			};
			name = Debug;
		};
		853A6BEA28CED0B600717E2D /* Release */ = {
			isa = XCBuildConfiguration;
			buildSettings = {
				ALWAYS_SEARCH_USER_PATHS = NO;
				CLANG_ANALYZER_NONNULL = YES;
				CLANG_ANALYZER_NUMBER_OBJECT_CONVERSION = YES_AGGRESSIVE;
				CLANG_CXX_LANGUAGE_STANDARD = "gnu++17";
				CLANG_ENABLE_MODULES = YES;
				CLANG_ENABLE_OBJC_ARC = YES;
				CLANG_ENABLE_OBJC_WEAK = YES;
				CLANG_WARN_BLOCK_CAPTURE_AUTORELEASING = YES;
				CLANG_WARN_BOOL_CONVERSION = YES;
				CLANG_WARN_COMMA = YES;
				CLANG_WARN_CONSTANT_CONVERSION = YES;
				CLANG_WARN_DEPRECATED_OBJC_IMPLEMENTATIONS = YES;
				CLANG_WARN_DIRECT_OBJC_ISA_USAGE = YES_ERROR;
				CLANG_WARN_DOCUMENTATION_COMMENTS = YES;
				CLANG_WARN_EMPTY_BODY = YES;
				CLANG_WARN_ENUM_CONVERSION = YES;
				CLANG_WARN_INFINITE_RECURSION = YES;
				CLANG_WARN_INT_CONVERSION = YES;
				CLANG_WARN_NON_LITERAL_NULL_CONVERSION = YES;
				CLANG_WARN_OBJC_IMPLICIT_RETAIN_SELF = YES;
				CLANG_WARN_OBJC_LITERAL_CONVERSION = YES;
				CLANG_WARN_OBJC_ROOT_CLASS = YES_ERROR;
				CLANG_WARN_QUOTED_INCLUDE_IN_FRAMEWORK_HEADER = YES;
				CLANG_WARN_RANGE_LOOP_ANALYSIS = YES;
				CLANG_WARN_STRICT_PROTOTYPES = YES;
				CLANG_WARN_SUSPICIOUS_MOVE = YES;
				CLANG_WARN_UNGUARDED_AVAILABILITY = YES_AGGRESSIVE;
				CLANG_WARN_UNREACHABLE_CODE = YES;
				CLANG_WARN__DUPLICATE_METHOD_MATCH = YES;
				COPY_PHASE_STRIP = NO;
				DEBUG_INFORMATION_FORMAT = "dwarf-with-dsym";
				ENABLE_NS_ASSERTIONS = NO;
				ENABLE_STRICT_OBJC_MSGSEND = YES;
				GCC_C_LANGUAGE_STANDARD = gnu11;
				GCC_NO_COMMON_BLOCKS = YES;
				GCC_WARN_64_TO_32_BIT_CONVERSION = YES;
				GCC_WARN_ABOUT_RETURN_TYPE = YES_ERROR;
				GCC_WARN_UNDECLARED_SELECTOR = YES;
				GCC_WARN_UNINITIALIZED_AUTOS = YES_AGGRESSIVE;
				GCC_WARN_UNUSED_FUNCTION = YES;
				GCC_WARN_UNUSED_VARIABLE = YES;
				IPHONEOS_DEPLOYMENT_TARGET = 15.5;
				MTL_ENABLE_DEBUG_INFO = NO;
				MTL_FAST_MATH = YES;
				SDKROOT = iphoneos;
				SWIFT_COMPILATION_MODE = wholemodule;
				SWIFT_OPTIMIZATION_LEVEL = "-O";
				VALIDATE_PRODUCT = YES;
			};
			name = Release;
		};
		853A6BEC28CED0B600717E2D /* Debug */ = {
			isa = XCBuildConfiguration;
			buildSettings = {
				ASSETCATALOG_COMPILER_APPICON_NAME = AppIcon;
				ASSETCATALOG_COMPILER_GLOBAL_ACCENT_COLOR_NAME = AccentColor;
				CODE_SIGN_STYLE = Automatic;
				CURRENT_PROJECT_VERSION = 1;
				DEVELOPMENT_TEAM = 2D25Y73SYC;
				GENERATE_INFOPLIST_FILE = YES;
				INFOPLIST_FILE = "E-Leave/Info.plist";
				INFOPLIST_KEY_UIApplicationSupportsIndirectInputEvents = YES;
				INFOPLIST_KEY_UILaunchStoryboardName = LaunchScreen;
				INFOPLIST_KEY_UIMainStoryboardFile = Main;
				INFOPLIST_KEY_UISupportedInterfaceOrientations_iPad = "UIInterfaceOrientationPortrait UIInterfaceOrientationPortraitUpsideDown UIInterfaceOrientationLandscapeLeft UIInterfaceOrientationLandscapeRight";
				INFOPLIST_KEY_UISupportedInterfaceOrientations_iPhone = "UIInterfaceOrientationPortrait UIInterfaceOrientationLandscapeLeft UIInterfaceOrientationLandscapeRight";
				LD_RUNPATH_SEARCH_PATHS = (
					"$(inherited)",
					"@executable_path/Frameworks",
				);
				MARKETING_VERSION = 1.0;
				PRODUCT_BUNDLE_IDENTIFIER = "Dare.co.id.E-Leave";
				PRODUCT_NAME = "$(TARGET_NAME)";
				SWIFT_EMIT_LOC_STRINGS = YES;
				SWIFT_VERSION = 5.0;
				TARGETED_DEVICE_FAMILY = "1,2";
			};
			name = Debug;
		};
		853A6BED28CED0B600717E2D /* Release */ = {
			isa = XCBuildConfiguration;
			buildSettings = {
				ASSETCATALOG_COMPILER_APPICON_NAME = AppIcon;
				ASSETCATALOG_COMPILER_GLOBAL_ACCENT_COLOR_NAME = AccentColor;
				CODE_SIGN_STYLE = Automatic;
				CURRENT_PROJECT_VERSION = 1;
				DEVELOPMENT_TEAM = 2D25Y73SYC;
				GENERATE_INFOPLIST_FILE = YES;
				INFOPLIST_FILE = "E-Leave/Info.plist";
				INFOPLIST_KEY_UIApplicationSupportsIndirectInputEvents = YES;
				INFOPLIST_KEY_UILaunchStoryboardName = LaunchScreen;
				INFOPLIST_KEY_UIMainStoryboardFile = Main;
				INFOPLIST_KEY_UISupportedInterfaceOrientations_iPad = "UIInterfaceOrientationPortrait UIInterfaceOrientationPortraitUpsideDown UIInterfaceOrientationLandscapeLeft UIInterfaceOrientationLandscapeRight";
				INFOPLIST_KEY_UISupportedInterfaceOrientations_iPhone = "UIInterfaceOrientationPortrait UIInterfaceOrientationLandscapeLeft UIInterfaceOrientationLandscapeRight";
				LD_RUNPATH_SEARCH_PATHS = (
					"$(inherited)",
					"@executable_path/Frameworks",
				);
				MARKETING_VERSION = 1.0;
				PRODUCT_BUNDLE_IDENTIFIER = "Dare.co.id.E-Leave";
				PRODUCT_NAME = "$(TARGET_NAME)";
				SWIFT_EMIT_LOC_STRINGS = YES;
				SWIFT_VERSION = 5.0;
				TARGETED_DEVICE_FAMILY = "1,2";
			};
			name = Release;
		};
		853A6BEF28CED0B600717E2D /* Debug */ = {
			isa = XCBuildConfiguration;
			buildSettings = {
				ALWAYS_EMBED_SWIFT_STANDARD_LIBRARIES = YES;
				BUNDLE_LOADER = "$(TEST_HOST)";
				CODE_SIGN_STYLE = Automatic;
				CURRENT_PROJECT_VERSION = 1;
				DEVELOPMENT_TEAM = 2D25Y73SYC;
				GENERATE_INFOPLIST_FILE = YES;
				IPHONEOS_DEPLOYMENT_TARGET = 15.5;
				MARKETING_VERSION = 1.0;
				PRODUCT_BUNDLE_IDENTIFIER = "Dare.co.id.E-LeaveTests";
				PRODUCT_NAME = "$(TARGET_NAME)";
				SWIFT_EMIT_LOC_STRINGS = NO;
				SWIFT_VERSION = 5.0;
				TARGETED_DEVICE_FAMILY = "1,2";
				TEST_HOST = "$(BUILT_PRODUCTS_DIR)/E-Leave.app/E-Leave";
			};
			name = Debug;
		};
		853A6BF028CED0B600717E2D /* Release */ = {
			isa = XCBuildConfiguration;
			buildSettings = {
				ALWAYS_EMBED_SWIFT_STANDARD_LIBRARIES = YES;
				BUNDLE_LOADER = "$(TEST_HOST)";
				CODE_SIGN_STYLE = Automatic;
				CURRENT_PROJECT_VERSION = 1;
				DEVELOPMENT_TEAM = 2D25Y73SYC;
				GENERATE_INFOPLIST_FILE = YES;
				IPHONEOS_DEPLOYMENT_TARGET = 15.5;
				MARKETING_VERSION = 1.0;
				PRODUCT_BUNDLE_IDENTIFIER = "Dare.co.id.E-LeaveTests";
				PRODUCT_NAME = "$(TARGET_NAME)";
				SWIFT_EMIT_LOC_STRINGS = NO;
				SWIFT_VERSION = 5.0;
				TARGETED_DEVICE_FAMILY = "1,2";
				TEST_HOST = "$(BUILT_PRODUCTS_DIR)/E-Leave.app/E-Leave";
			};
			name = Release;
		};
		853A6BF228CED0B600717E2D /* Debug */ = {
			isa = XCBuildConfiguration;
			buildSettings = {
				ALWAYS_EMBED_SWIFT_STANDARD_LIBRARIES = YES;
				CODE_SIGN_STYLE = Automatic;
				CURRENT_PROJECT_VERSION = 1;
				DEVELOPMENT_TEAM = 2D25Y73SYC;
				GENERATE_INFOPLIST_FILE = YES;
				MARKETING_VERSION = 1.0;
				PRODUCT_BUNDLE_IDENTIFIER = "Dare.co.id.E-LeaveUITests";
				PRODUCT_NAME = "$(TARGET_NAME)";
				SWIFT_EMIT_LOC_STRINGS = NO;
				SWIFT_VERSION = 5.0;
				TARGETED_DEVICE_FAMILY = "1,2";
				TEST_TARGET_NAME = "E-Leave";
			};
			name = Debug;
		};
		853A6BF328CED0B600717E2D /* Release */ = {
			isa = XCBuildConfiguration;
			buildSettings = {
				ALWAYS_EMBED_SWIFT_STANDARD_LIBRARIES = YES;
				CODE_SIGN_STYLE = Automatic;
				CURRENT_PROJECT_VERSION = 1;
				DEVELOPMENT_TEAM = 2D25Y73SYC;
				GENERATE_INFOPLIST_FILE = YES;
				MARKETING_VERSION = 1.0;
				PRODUCT_BUNDLE_IDENTIFIER = "Dare.co.id.E-LeaveUITests";
				PRODUCT_NAME = "$(TARGET_NAME)";
				SWIFT_EMIT_LOC_STRINGS = NO;
				SWIFT_VERSION = 5.0;
				TARGETED_DEVICE_FAMILY = "1,2";
				TEST_TARGET_NAME = "E-Leave";
			};
			name = Release;
		};
/* End XCBuildConfiguration section */

/* Begin XCConfigurationList section */
		853A6BBC28CED0B600717E2D /* Build configuration list for PBXProject "E-Leave" */ = {
			isa = XCConfigurationList;
			buildConfigurations = (
				853A6BE928CED0B600717E2D /* Debug */,
				853A6BEA28CED0B600717E2D /* Release */,
			);
			defaultConfigurationIsVisible = 0;
			defaultConfigurationName = Release;
		};
		853A6BEB28CED0B600717E2D /* Build configuration list for PBXNativeTarget "E-Leave" */ = {
			isa = XCConfigurationList;
			buildConfigurations = (
				853A6BEC28CED0B600717E2D /* Debug */,
				853A6BED28CED0B600717E2D /* Release */,
			);
			defaultConfigurationIsVisible = 0;
			defaultConfigurationName = Release;
		};
		853A6BEE28CED0B600717E2D /* Build configuration list for PBXNativeTarget "E-LeaveTests" */ = {
			isa = XCConfigurationList;
			buildConfigurations = (
				853A6BEF28CED0B600717E2D /* Debug */,
				853A6BF028CED0B600717E2D /* Release */,
			);
			defaultConfigurationIsVisible = 0;
			defaultConfigurationName = Release;
		};
		853A6BF128CED0B600717E2D /* Build configuration list for PBXNativeTarget "E-LeaveUITests" */ = {
			isa = XCConfigurationList;
			buildConfigurations = (
				853A6BF228CED0B600717E2D /* Debug */,
				853A6BF328CED0B600717E2D /* Release */,
			);
			defaultConfigurationIsVisible = 0;
			defaultConfigurationName = Release;
		};
/* End XCConfigurationList section */
	};
	rootObject = 853A6BB928CED0B600717E2D /* Project object */;
}
